
Microsoft Visual Studio Solution File, Format Version 12.00
# Visual Studio 15
VisualStudioVersion = 15.0.28307.1259
MinimumVisualStudioVersion = 10.0.40219.1
Project("{FAE04EC0-301F-11D3-BF4B-00C04F79EFBC}") = "Exercice_062_Annisa Dian Amarta", "Exercice_062_Annisa Dian Amarta\Exercice_062_Annisa Dian Amarta.csproj", "{92D8ECED-9677-4452-AFB2-C9A6356D3F6B}"
EndProject
Global
	GlobalSection(SolutionConfigurationPlatforms) = preSolution
		Debug|Any CPU = Debug|Any CPU
		Release|Any CPU = Release|Any CPU
	EndGlobalSection
	GlobalSection(ProjectConfigurationPlatforms) = postSolution
		{92D8ECED-9677-4452-AFB2-C9A6356D3F6B}.Debug|Any CPU.ActiveCfg = Debug|Any CPU
		{92D8ECED-9677-4452-AFB2-C9A6356D3F6B}.Debug|Any CPU.Build.0 = Debug|Any CPU
		{92D8ECED-9677-4452-AFB2-C9A6356D3F6B}.Release|Any CPU.ActiveCfg = Release|Any CPU
		{92D8ECED-9677-4452-AFB2-C9A6356D3F6B}.Release|Any CPU.Build.0 = Release|Any CPU
	EndGlobalSection
	GlobalSection(SolutionProperties) = preSolution
		HideSolutionNode = FALSE
	EndGlobalSection
	GlobalSection(ExtensibilityGlobals) = postSolution
		SolutionGuid = {FD4D2A2F-C534-417F-988E-636CCB416523}
	EndGlobalSection
EndGlobal
